{
    "_readme": [
        "This file locks the dependencies of your project to a known state",
        "Read more about it at https://getcomposer.org/doc/01-basic-usage.md#composer-lock-the-lock-file",
        "This file is @generated automatically"
    ],
    "hash": "c24dc83b1947ebc59a06711bf5145872",
    "content-hash": "07e7da139d1b0dea9928be5cf992b71c",
    "packages": [
        {
            "name": "tinymce/tinymce",
            "version": "4.7.6",
            "source": {
                "type": "git",
                "url": "https://github.com/tinymce/tinymce-dist.git",
                "reference": "e8f54e06b2e93fa446c8788a4198d3027600ab61"
            },
            "dist": {
                "type": "zip",
                "url": "https://api.github.com/repos/tinymce/tinymce-dist/zipball/e8f54e06b2e93fa446c8788a4198d3027600ab61",
                "reference": "e8f54e06b2e93fa446c8788a4198d3027600ab61",
                "shasum": ""
            },
            "type": "component",
            "extra": {
                "component": {
                    "scripts": [
                        "tinymce.js",
                        "plugins/*/plugin.js",
                        "themes/*/theme.js"
                    ],
                    "files": [
                        "tinymce.min.js",
                        "plugins/*/plugin.min.js",
                        "themes/*/theme.min.js",
                        "skins/**"
                    ]
                }
            },
            "notification-url": "https://packagist.org/downloads/",
            "license": [
                "LGPL-2.1"
            ],
            "description": "Web based JavaScript HTML WYSIWYG editor control.",
            "homepage": "http://www.tinymce.com",
            "keywords": [
                "editor",
                "html",
                "javascript",
                "richtext",
                "tinymce",
                "wysiwyg"
            ],
            "time": "2018-01-29 13:34:32"
        }
    ],
    "packages-dev": [
        {
            "name": "mikey179/vfsStream",
            "version": "v1.1.0",
            "source": {
                "type": "git",
                "url": "https://github.com/mikey179/vfsStream.git",
                "reference": "fc0fe8f4d0b527254a2dc45f0c265567c881d07e"
            },
            "dist": {
                "type": "zip",
                "url": "https://api.github.com/repos/mikey179/vfsStream/zipball/fc0fe8f4d0b527254a2dc45f0c265567c881d07e",
                "reference": "fc0fe8f4d0b527254a2dc45f0c265567c881d07e",
                "shasum": ""
            },
            "require": {
                "php": ">=5.3.0"
            },
            "type": "library",
            "autoload": {
                "psr-0": {
                    "org\\bovigo\\vfs": "src/main/php"
                }
            },
            "notification-url": "https://packagist.org/downloads/",
            "license": [
                "BSD"
            ],
            "homepage": "http://vfs.bovigo.org/",
            "time": "2012-08-25 12:49:29"
        }
    ],
    "aliases": [],
    "minimum-stability": "stable",
    "stability-flags": [],
    "prefer-stable": false,
    "prefer-lowest": false,
    "platform": {
        "php": ">=5.2.4"
    },
    "platform-dev": []
}
